Microsoft Visual Studio Solution File, Format Version 12.00
# Visual Studio 15
VisualStudioVersion = 15.0.27703.2042
MinimumVisualStudioVersion = 10.0.40219.1
Project("{9A19103F-16F7-4668-BE54-9A1E7A4F7556}") = "Rest.ServiceProxy", "Rest.ServiceProxy\Rest.ServiceProxy.csproj", "{BF8BD8A0-6D6C-437F-9BDF-AC3CCD65C602}"
EndProject
Project("{9A19103F-16F7-4668-BE54-9A1E7A4F7556}") = "Rest.ServiceProxy.Test", "Rest.ServiceProxy.Test\Rest.ServiceProxy.Test.csproj", "{F2576256-384A-4A94-9EA0-3EA8C600F823}"
EndProject
Global
	GlobalSection(SolutionConfigurationPlatforms) = preSolution
		Debug|Any CPU = Debug|Any CPU
		Debug|x64 = Debug|x64
		Debug|x86 = Debug|x86
		Release|Any CPU = Release|Any CPU
		Release|x64 = Release|x64
		Release|x86 = Release|x86
	EndGlobalSection
	GlobalSection(ProjectConfigurationPlatforms) = postSolution
		{BF8BD8A0-6D6C-437F-9BDF-AC3CCD65C602}.Debug|Any CPU.ActiveCfg = Debug|Any CPU
		{BF8BD8A0-6D6C-437F-9BDF-AC3CCD65C602}.Debug|Any CPU.Build.0 = Debug|Any CPU
		{BF8BD8A0-6D6C-437F-9BDF-AC3CCD65C602}.Debug|x64.ActiveCfg = Debug|Any CPU
		{BF8BD8A0-6D6C-437F-9BDF-AC3CCD65C602}.Debug|x64.Build.0 = Debug|Any CPU
		{BF8BD8A0-6D6C-437F-9BDF-AC3CCD65C602}.Debug|x86.ActiveCfg = Debug|Any CPU
		{BF8BD8A0-6D6C-437F-9BDF-AC3CCD65C602}.Debug|x86.Build.0 = Debug|Any CPU
		{BF8BD8A0-6D6C-437F-9BDF-AC3CCD65C602}.Release|Any CPU.ActiveCfg = Release|Any CPU
		{BF8BD8A0-6D6C-437F-9BDF-AC3CCD65C602}.Release|Any CPU.Build.0 = Release|Any CPU
		{BF8BD8A0-6D6C-437F-9BDF-AC3CCD65C602}.Release|x64.ActiveCfg = Release|Any CPU
		{BF8BD8A0-6D6C-437F-9BDF-AC3CCD65C602}.Release|x64.Build.0 = Release|Any CPU
		{BF8BD8A0-6D6C-437F-9BDF-AC3CCD65C602}.Release|x86.ActiveCfg = Release|Any CPU
		{BF8BD8A0-6D6C-437F-9BDF-AC3CCD65C602}.Release|x86.Build.0 = Release|Any CPU
		{F2576256-384A-4A94-9EA0-3EA8C600F823}.Debug|Any CPU.ActiveCfg = Debug|Any CPU
		{F2576256-384A-4A94-9EA0-3EA8C600F823}.Debug|Any CPU.Build.0 = Debug|Any CPU
		{F2576256-384A-4A94-9EA0-3EA8C600F823}.Debug|x64.ActiveCfg = Debug|Any CPU
		{F2576256-384A-4A94-9EA0-3EA8C600F823}.Debug|x64.Build.0 = Debug|Any CPU
		{F2576256-384A-4A94-9EA0-3EA8C600F823}.Debug|x86.ActiveCfg = Debug|Any CPU
		{F2576256-384A-4A94-9EA0-3EA8C600F823}.Debug|x86.Build.0 = Debug|Any CPU
		{F2576256-384A-4A94-9EA0-3EA8C600F823}.Release|Any CPU.ActiveCfg = Release|Any CPU
		{F2576256-384A-4A94-9EA0-3EA8C600F823}.Release|Any CPU.Build.0 = Release|Any CPU
		{F2576256-384A-4A94-9EA0-3EA8C600F823}.Release|x64.ActiveCfg = Release|Any CPU
		{F2576256-384A-4A94-9EA0-3EA8C600F823}.Release|x64.Build.0 = Release|Any CPU
		{F2576256-384A-4A94-9EA0-3EA8C600F823}.Release|x86.ActiveCfg = Release|Any CPU
		{F2576256-384A-4A94-9EA0-3EA8C600F823}.Release|x86.Build.0 = Release|Any CPU
	EndGlobalSection
	GlobalSection(SolutionProperties) = preSolution
		HideSolutionNode = FALSE
	EndGlobalSection
	GlobalSection(ExtensibilityGlobals) = postSolution
		SolutionGuid = {E32054F9-60DC-47CC-B21F-BF9DB9A54BAC}
	EndGlobalSection
EndGlobal
